# THIS IS AN AUTOGENERATED FILE. DO NOT EDIT THIS FILE DIRECTLY.
# yarn lockfile v1


"ansi-regex@^4.1.0":
  "integrity" "sha512-1apePfXM1UOSqw0o9IiFAovVz9M5S1Dg+4TrDwfMewQ6p/rmMueb7tWZjQ1rx4Loy1ArBggoqGpfqqdI4rondg=="
  "resolved" "https://registry.npmjs.org/ansi-regex/-/ansi-regex-4.1.0.tgz"
  "version" "4.1.0"

"jest-junit@^12.1.0":
  "integrity" "sha512-Z45INyzEAqTkCHX/hGCPgVFfZP3hQVgI68CgoEwkCiBuxETsPsniq5yPd8oxbMMHtDCpUlxXzoq7jY35dcuLKw=="
  "resolved" "https://registry.npmjs.org/jest-junit/-/jest-junit-12.1.0.tgz"
  "version" "12.1.0"
  dependencies:
    "mkdirp" "^1.0.4"
    "strip-ansi" "^5.2.0"
    "uuid" "^3.3.3"
    "xml" "^1.0.1"

"mkdirp@^1.0.4":
  "integrity" "sha512-vVqVZQyf3WLx2Shd0qJ9xuvqgAyKPLAiqITEtqW0oIUjzo3PePDd6fW9iFz30ef7Ysp/oiWqbhszeGWW2T6Gzw=="
  "resolved" "https://registry.npmjs.org/mkdirp/-/mkdirp-1.0.4.tgz"
  "version" "1.0.4"

"strip-ansi@^5.2.0":
  "integrity" "sha512-DuRs1gKbBqsMKIZlrffwlug8MHkcnpjs5VPmL1PAh+mA30U0DTotfDZ0d2UUsXpPmPmMMJ6W773MaA3J+lbiWA=="
  "resolved" "https://registry.npmjs.org/strip-ansi/-/strip-ansi-5.2.0.tgz"
  "version" "5.2.0"
  dependencies:
    "ansi-regex" "^4.1.0"

"uuid@^3.3.3":
  "integrity" "sha512-HjSDRw6gZE5JMggctHBcjVak08+KEVhSIiDzFnT9S9aegmp85S/bReBVTb4QTFaRNptJ9kuYaNhnbNEOkbKb/A=="
  "resolved" "https://registry.npmjs.org/uuid/-/uuid-3.4.0.tgz"
  "version" "3.4.0"

"xml@^1.0.1":
  "integrity" "sha1-eLpyAgApxbyHuKgaPPzXS0ovweU="
  "resolved" "https://registry.npmjs.org/xml/-/xml-1.0.1.tgz"
  "version" "1.0.1"
